
Microsoft Visual Studio Solution File, Format Version 12.00
# Visual Studio Version 17
VisualStudioVersion = 17.3.32825.248
MinimumVisualStudioVersion = 10.0.40219.1
Project("{FAE04EC0-301F-11D3-BF4B-00C04F79EFBC}") = "ALP", "ALP\ALP.csproj", "{59E08865-03D9-4B94-B312-04480357F7DF}"
EndProject
Global
	GlobalSection(SolutionConfigurationPlatforms) = preSolution
		Debug|Any CPU = Debug|Any CPU
		Release|Any CPU = Release|Any CPU
	EndGlobalSection
	GlobalSection(ProjectConfigurationPlatforms) = postSolution
		{59E08865-03D9-4B94-B312-04480357F7DF}.Debug|Any CPU.ActiveCfg = Debug|Any CPU
		{59E08865-03D9-4B94-B312-04480357F7DF}.Debug|Any CPU.Build.0 = Debug|Any CPU
		{59E08865-03D9-4B94-B312-04480357F7DF}.Release|Any CPU.ActiveCfg = Release|Any CPU
		{59E08865-03D9-4B94-B312-04480357F7DF}.Release|Any CPU.Build.0 = Release|Any CPU
	EndGlobalSection
	GlobalSection(SolutionProperties) = preSolution
		HideSolutionNode = FALSE
	EndGlobalSection
	GlobalSection(ExtensibilityGlobals) = postSolution
		SolutionGuid = {23ADAF0F-016C-4758-BCF9-A4CB7F4FC2EA}
	EndGlobalSection
EndGlobal
